
Microsoft Visual Studio Solution File, Format Version 12.00
# Visual Studio Version 16
VisualStudioVersion = 16.0.29519.181
MinimumVisualStudioVersion = 10.0.40219.1
Project("{FAE04EC0-301F-11D3-BF4B-00C04F79EFBC}") = "Session03.Store.Domin", "Session03.Store.Domin\Session03.Store.Domin.csproj", "{FC5D2483-20CE-4ED5-80A8-1FCC1B9850FD}"
EndProject
Project("{FAE04EC0-301F-11D3-BF4B-00C04F79EFBC}") = "Session03.Store.DAL", "Session03.Store.DAL\Session03.Store.DAL.csproj", "{298D501D-5802-4AC1-BD0F-8E1B6E908482}"
EndProject
Project("{FAE04EC0-301F-11D3-BF4B-00C04F79EFBC}") = "Session03.Store.EndPoint", "Session03.Store.EndPoint\Session03.Store.EndPoint.csproj", "{3834ED7C-E743-4ECD-89AA-D3B875F54315}"
EndProject
Global
	GlobalSection(SolutionConfigurationPlatforms) = preSolution
		Debug|Any CPU = Debug|Any CPU
		Release|Any CPU = Release|Any CPU
	EndGlobalSection
	GlobalSection(ProjectConfigurationPlatforms) = postSolution
		{FC5D2483-20CE-4ED5-80A8-1FCC1B9850FD}.Debug|Any CPU.ActiveCfg = Debug|Any CPU
		{FC5D2483-20CE-4ED5-80A8-1FCC1B9850FD}.Debug|Any CPU.Build.0 = Debug|Any CPU
		{FC5D2483-20CE-4ED5-80A8-1FCC1B9850FD}.Release|Any CPU.ActiveCfg = Release|Any CPU
		{FC5D2483-20CE-4ED5-80A8-1FCC1B9850FD}.Release|Any CPU.Build.0 = Release|Any CPU
		{298D501D-5802-4AC1-BD0F-8E1B6E908482}.Debug|Any CPU.ActiveCfg = Debug|Any CPU
		{298D501D-5802-4AC1-BD0F-8E1B6E908482}.Debug|Any CPU.Build.0 = Debug|Any CPU
		{298D501D-5802-4AC1-BD0F-8E1B6E908482}.Release|Any CPU.ActiveCfg = Release|Any CPU
		{298D501D-5802-4AC1-BD0F-8E1B6E908482}.Release|Any CPU.Build.0 = Release|Any CPU
		{3834ED7C-E743-4ECD-89AA-D3B875F54315}.Debug|Any CPU.ActiveCfg = Debug|Any CPU
		{3834ED7C-E743-4ECD-89AA-D3B875F54315}.Debug|Any CPU.Build.0 = Debug|Any CPU
		{3834ED7C-E743-4ECD-89AA-D3B875F54315}.Release|Any CPU.ActiveCfg = Release|Any CPU
		{3834ED7C-E743-4ECD-89AA-D3B875F54315}.Release|Any CPU.Build.0 = Release|Any CPU
	EndGlobalSection
	GlobalSection(SolutionProperties) = preSolution
		HideSolutionNode = FALSE
	EndGlobalSection
	GlobalSection(ExtensibilityGlobals) = postSolution
		SolutionGuid = {F0EA4CB6-BA0B-4D84-90ED-000C5950323B}
	EndGlobalSection
EndGlobal
