
Microsoft Visual Studio Solution File, Format Version 12.00
# Visual Studio Version 16
VisualStudioVersion = 16.0.29613.14
MinimumVisualStudioVersion = 10.0.40219.1
Project("{FAE04EC0-301F-11D3-BF4B-00C04F79EFBC}") = "Common", "Common\Common.csproj", "{D045D6AD-957E-4E03-8876-34F5915B85F8}"
EndProject
Project("{FAE04EC0-301F-11D3-BF4B-00C04F79EFBC}") = "UI", "UI\UI.csproj", "{1CB11A7E-927F-4AA9-A093-B7FF1822EFF6}"
EndProject
Global
	GlobalSection(SolutionConfigurationPlatforms) = preSolution
		Debug|Any CPU = Debug|Any CPU
		Release|Any CPU = Release|Any CPU
	EndGlobalSection
	GlobalSection(ProjectConfigurationPlatforms) = postSolution
		{D045D6AD-957E-4E03-8876-34F5915B85F8}.Debug|Any CPU.ActiveCfg = Debug|Any CPU
		{D045D6AD-957E-4E03-8876-34F5915B85F8}.Debug|Any CPU.Build.0 = Debug|Any CPU
		{D045D6AD-957E-4E03-8876-34F5915B85F8}.Release|Any CPU.ActiveCfg = Release|Any CPU
		{D045D6AD-957E-4E03-8876-34F5915B85F8}.Release|Any CPU.Build.0 = Release|Any CPU
		{1CB11A7E-927F-4AA9-A093-B7FF1822EFF6}.Debug|Any CPU.ActiveCfg = Debug|Any CPU
		{1CB11A7E-927F-4AA9-A093-B7FF1822EFF6}.Debug|Any CPU.Build.0 = Debug|Any CPU
		{1CB11A7E-927F-4AA9-A093-B7FF1822EFF6}.Release|Any CPU.ActiveCfg = Release|Any CPU
		{1CB11A7E-927F-4AA9-A093-B7FF1822EFF6}.Release|Any CPU.Build.0 = Release|Any CPU
	EndGlobalSection
	GlobalSection(SolutionProperties) = preSolution
		HideSolutionNode = FALSE
	EndGlobalSection
	GlobalSection(ExtensibilityGlobals) = postSolution
		SolutionGuid = {FD315806-C020-428F-B186-CEF69AF422E3}
	EndGlobalSection
EndGlobal
