
Microsoft Visual Studio Solution File, Format Version 12.00
# Visual Studio Version 16
VisualStudioVersion = 16.0.29613.14
MinimumVisualStudioVersion = 10.0.40219.1
Project("{2150E333-8FDC-42A3-9474-1A3956D46DE8}") = "Src", "Src", "{4AE9532F-B4F5-4C6C-9078-807834242502}"
EndProject
Project("{2150E333-8FDC-42A3-9474-1A3956D46DE8}") = "Tests", "Tests", "{DAF7E73E-80B6-4F6F-B1F1-0AEB57C22D91}"
EndProject
Project("{2150E333-8FDC-42A3-9474-1A3956D46DE8}") = "01.Core", "01.Core", "{97E99F36-17E4-4B11-8D4A-9FCB30413C73}"
EndProject
Project("{2150E333-8FDC-42A3-9474-1A3956D46DE8}") = "02.DataAccess", "02.DataAccess", "{C4CCFB10-AA37-4F4A-B0AA-0DB674B9C8E7}"
EndProject
Project("{2150E333-8FDC-42A3-9474-1A3956D46DE8}") = "03.EndPoint", "03.EndPoint", "{38BA2CCD-1B81-4555-A247-E61C53FEFDD9}"
EndProject
Project("{FAE04EC0-301F-11D3-BF4B-00C04F79EFBC}") = "Contracts", "Contracts\Contracts.csproj", "{3CCFF0CB-C361-4157-BBAD-5723C7C84F20}"
EndProject
Project("{FAE04EC0-301F-11D3-BF4B-00C04F79EFBC}") = "Entities", "Entities\Entities.csproj", "{FC1AA04A-A5C4-4398-9136-53EDB1FF49B8}"
EndProject
Project("{FAE04EC0-301F-11D3-BF4B-00C04F79EFBC}") = "Services", "Services\Services.csproj", "{5BA4309A-AC7F-43B6-8094-001702DD9FB5}"
EndProject
Project("{FAE04EC0-301F-11D3-BF4B-00C04F79EFBC}") = "DataAccessEF", "DataAccessEF\DataAccessEF.csproj", "{C3FAB1E6-A2E6-40FC-BC29-7330F62B7633}"
EndProject
Project("{FAE04EC0-301F-11D3-BF4B-00C04F79EFBC}") = "EndPoints", "EndPoints\EndPoints.csproj", "{D53C7C68-4312-4EFE-862D-2BFD1AF4D659}"
EndProject
Global
	GlobalSection(SolutionConfigurationPlatforms) = preSolution
		Debug|Any CPU = Debug|Any CPU
		Release|Any CPU = Release|Any CPU
	EndGlobalSection
	GlobalSection(ProjectConfigurationPlatforms) = postSolution
		{3CCFF0CB-C361-4157-BBAD-5723C7C84F20}.Debug|Any CPU.ActiveCfg = Debug|Any CPU
		{3CCFF0CB-C361-4157-BBAD-5723C7C84F20}.Debug|Any CPU.Build.0 = Debug|Any CPU
		{3CCFF0CB-C361-4157-BBAD-5723C7C84F20}.Release|Any CPU.ActiveCfg = Release|Any CPU
		{3CCFF0CB-C361-4157-BBAD-5723C7C84F20}.Release|Any CPU.Build.0 = Release|Any CPU
		{FC1AA04A-A5C4-4398-9136-53EDB1FF49B8}.Debug|Any CPU.ActiveCfg = Debug|Any CPU
		{FC1AA04A-A5C4-4398-9136-53EDB1FF49B8}.Debug|Any CPU.Build.0 = Debug|Any CPU
		{FC1AA04A-A5C4-4398-9136-53EDB1FF49B8}.Release|Any CPU.ActiveCfg = Release|Any CPU
		{FC1AA04A-A5C4-4398-9136-53EDB1FF49B8}.Release|Any CPU.Build.0 = Release|Any CPU
		{5BA4309A-AC7F-43B6-8094-001702DD9FB5}.Debug|Any CPU.ActiveCfg = Debug|Any CPU
		{5BA4309A-AC7F-43B6-8094-001702DD9FB5}.Debug|Any CPU.Build.0 = Debug|Any CPU
		{5BA4309A-AC7F-43B6-8094-001702DD9FB5}.Release|Any CPU.ActiveCfg = Release|Any CPU
		{5BA4309A-AC7F-43B6-8094-001702DD9FB5}.Release|Any CPU.Build.0 = Release|Any CPU
		{C3FAB1E6-A2E6-40FC-BC29-7330F62B7633}.Debug|Any CPU.ActiveCfg = Debug|Any CPU
		{C3FAB1E6-A2E6-40FC-BC29-7330F62B7633}.Debug|Any CPU.Build.0 = Debug|Any CPU
		{C3FAB1E6-A2E6-40FC-BC29-7330F62B7633}.Release|Any CPU.ActiveCfg = Release|Any CPU
		{C3FAB1E6-A2E6-40FC-BC29-7330F62B7633}.Release|Any CPU.Build.0 = Release|Any CPU
		{D53C7C68-4312-4EFE-862D-2BFD1AF4D659}.Debug|Any CPU.ActiveCfg = Debug|Any CPU
		{D53C7C68-4312-4EFE-862D-2BFD1AF4D659}.Debug|Any CPU.Build.0 = Debug|Any CPU
		{D53C7C68-4312-4EFE-862D-2BFD1AF4D659}.Release|Any CPU.ActiveCfg = Release|Any CPU
		{D53C7C68-4312-4EFE-862D-2BFD1AF4D659}.Release|Any CPU.Build.0 = Release|Any CPU
	EndGlobalSection
	GlobalSection(SolutionProperties) = preSolution
		HideSolutionNode = FALSE
	EndGlobalSection
	GlobalSection(NestedProjects) = preSolution
		{97E99F36-17E4-4B11-8D4A-9FCB30413C73} = {4AE9532F-B4F5-4C6C-9078-807834242502}
		{C4CCFB10-AA37-4F4A-B0AA-0DB674B9C8E7} = {4AE9532F-B4F5-4C6C-9078-807834242502}
		{38BA2CCD-1B81-4555-A247-E61C53FEFDD9} = {4AE9532F-B4F5-4C6C-9078-807834242502}
		{3CCFF0CB-C361-4157-BBAD-5723C7C84F20} = {97E99F36-17E4-4B11-8D4A-9FCB30413C73}
		{FC1AA04A-A5C4-4398-9136-53EDB1FF49B8} = {97E99F36-17E4-4B11-8D4A-9FCB30413C73}
		{5BA4309A-AC7F-43B6-8094-001702DD9FB5} = {97E99F36-17E4-4B11-8D4A-9FCB30413C73}
		{C3FAB1E6-A2E6-40FC-BC29-7330F62B7633} = {C4CCFB10-AA37-4F4A-B0AA-0DB674B9C8E7}
		{D53C7C68-4312-4EFE-862D-2BFD1AF4D659} = {38BA2CCD-1B81-4555-A247-E61C53FEFDD9}
	EndGlobalSection
	GlobalSection(ExtensibilityGlobals) = postSolution
		SolutionGuid = {DA1879B0-6AC9-4C45-A00C-C48C0757BBBF}
	EndGlobalSection
EndGlobal
