
Microsoft Visual Studio Solution File, Format Version 12.00
# Visual Studio Version 16
VisualStudioVersion = 16.0.29519.181
MinimumVisualStudioVersion = 10.0.40219.1
Project("{FAE04EC0-301F-11D3-BF4B-00C04F79EFBC}") = "Session03.Mock.Sample", "Session03.Mock.Sample\Session03.Mock.Sample.csproj", "{B20F5130-AE66-4E55-B6E2-BDB35659A15E}"
EndProject
Project("{FAE04EC0-301F-11D3-BF4B-00C04F79EFBC}") = "Session03.MockSample.Test", "Session03.MockSample.Test\Session03.MockSample.Test.csproj", "{2A052025-F644-41A5-9D23-4D61AA8CE887}"
EndProject
Global
	GlobalSection(SolutionConfigurationPlatforms) = preSolution
		Debug|Any CPU = Debug|Any CPU
		Release|Any CPU = Release|Any CPU
	EndGlobalSection
	GlobalSection(ProjectConfigurationPlatforms) = postSolution
		{B20F5130-AE66-4E55-B6E2-BDB35659A15E}.Debug|Any CPU.ActiveCfg = Debug|Any CPU
		{B20F5130-AE66-4E55-B6E2-BDB35659A15E}.Debug|Any CPU.Build.0 = Debug|Any CPU
		{B20F5130-AE66-4E55-B6E2-BDB35659A15E}.Release|Any CPU.ActiveCfg = Release|Any CPU
		{B20F5130-AE66-4E55-B6E2-BDB35659A15E}.Release|Any CPU.Build.0 = Release|Any CPU
		{2A052025-F644-41A5-9D23-4D61AA8CE887}.Debug|Any CPU.ActiveCfg = Debug|Any CPU
		{2A052025-F644-41A5-9D23-4D61AA8CE887}.Debug|Any CPU.Build.0 = Debug|Any CPU
		{2A052025-F644-41A5-9D23-4D61AA8CE887}.Release|Any CPU.ActiveCfg = Release|Any CPU
		{2A052025-F644-41A5-9D23-4D61AA8CE887}.Release|Any CPU.Build.0 = Release|Any CPU
	EndGlobalSection
	GlobalSection(SolutionProperties) = preSolution
		HideSolutionNode = FALSE
	EndGlobalSection
	GlobalSection(ExtensibilityGlobals) = postSolution
		SolutionGuid = {C81BC144-DF75-445B-B8C1-6243FE51D7DE}
	EndGlobalSection
EndGlobal
